{
  "name": "vite-project",
  "version": "0.0.0",
  "lockfileVersion": 1,
  "requires": true,
  "dependencies": {
    "pnpm": {
      "version": "8.13.1",
      "resolved": "https://registry.npmmirror.com/pnpm/-/pnpm-8.13.1.tgz",
      "integrity": "sha512-dYvrxpictkYsUTgSmEAZOxDCWN3NsKtD7g753Yd4S8IY1uQctb7qw2K4zjPx+LCAJbWZkzwLzoIFCpo2uEdNQw=="
    }
  }
}
